{
  "name": "@glasskit.ai/create",
  "version": "0.1.1",
  "lockfileVersion": 3,
  "requires": true,
  "packages": {
    "": {
      "name": "@glasskit.ai/create",
      "version": "0.1.1",
      "license": "MIT",
      "bin": {
        "create-glasskit": "bin/create.js"
      },
      "engines": {
        "node": ">=20"
      }
    }
  }
}
